
Microsoft Visual Studio Solution File, Format Version 12.00
# Visual Studio Version 16
VisualStudioVersion = 16.0.31613.86
MinimumVisualStudioVersion = 10.0.40219.1
Project("{FAE04EC0-301F-11D3-BF4B-00C04F79EFBC}") = "RefactorBankAccount", "RefactorBankAccount\RefactorBankAccount.csproj", "{C847E5D9-3136-4EF1-AC27-1FF7DE530D85}"
EndProject
Global
	GlobalSection(SolutionConfigurationPlatforms) = preSolution
		Debug|Any CPU = Debug|Any CPU
		Release|Any CPU = Release|Any CPU
	EndGlobalSection
	GlobalSection(ProjectConfigurationPlatforms) = postSolution
		{C847E5D9-3136-4EF1-AC27-1FF7DE530D85}.Debug|Any CPU.ActiveCfg = Debug|Any CPU
		{C847E5D9-3136-4EF1-AC27-1FF7DE530D85}.Debug|Any CPU.Build.0 = Debug|Any CPU
		{C847E5D9-3136-4EF1-AC27-1FF7DE530D85}.Release|Any CPU.ActiveCfg = Release|Any CPU
		{C847E5D9-3136-4EF1-AC27-1FF7DE530D85}.Release|Any CPU.Build.0 = Release|Any CPU
	EndGlobalSection
	GlobalSection(SolutionProperties) = preSolution
		HideSolutionNode = FALSE
	EndGlobalSection
	GlobalSection(ExtensibilityGlobals) = postSolution
		SolutionGuid = {657F2A41-47A6-4E6A-98B3-BF3C872E7CCA}
	EndGlobalSection
EndGlobal
